// !$*UTF8*$!
{
	archiveVersion = 1;
	classes = {
	};
	objectVersion = 77;
	objects = {

/* Begin PBXContainerItemProxy section */
		A061EE192D1EAD3600AA25C5 /* PBXContainerItemProxy */ = {
			isa = PBXContainerItemProxy;
			containerPortal = A061EE002D1EAD3500AA25C5 /* Project object */;
			proxyType = 1;
			remoteGlobalIDString = A061EE072D1EAD3500AA25C5;
			remoteInfo = clippyCalcClip;
		};
		A061EE232D1EAD3600AA25C5 /* PBXContainerItemProxy */ = {
			isa = PBXContainerItemProxy;
			containerPortal = A061EE002D1EAD3500AA25C5 /* Project object */;
			proxyType = 1;
			remoteGlobalIDString = A061EE072D1EAD3500AA25C5;
			remoteInfo = clippyCalcClip;
		};
/* End PBXContainerItemProxy section */

/* Begin PBXFileReference section */
		A061EE082D1EAD3500AA25C5 /* clippyCalcClip.app */ = {isa = PBXFileReference; explicitFileType = wrapper.application; includeInIndex = 0; path = clippyCalcClip.app; sourceTree = BUILT_PRODUCTS_DIR; };
		A061EE182D1EAD3600AA25C5 /* clippyCalcClipTests.xctest */ = {isa = PBXFileReference; explicitFileType = wrapper.cfbundle; includeInIndex = 0; path = clippyCalcClipTests.xctest; sourceTree = BUILT_PRODUCTS_DIR; };
		A061EE222D1EAD3600AA25C5 /* clippyCalcClipUITests.xctest */ = {isa = PBXFileReference; explicitFileType = wrapper.cfbundle; includeInIndex = 0; path = clippyCalcClipUITests.xctest; sourceTree = BUILT_PRODUCTS_DIR; };
/* End PBXFileReference section */

/* Begin PBXFileSystemSynchronizedRootGroup section */
		A061EE0A2D1EAD3500AA25C5 /* clippyCalcClip */ = {
			isa = PBXFileSystemSynchronizedRootGroup;
			path = clippyCalcClip;
			sourceTree = "<group>";
		};
		A061EE1B2D1EAD3600AA25C5 /* clippyCalcClipTests */ = {
			isa = PBXFileSystemSynchronizedRootGroup;
			path = clippyCalcClipTests;
			sourceTree = "<group>";
		};
		A061EE252D1EAD3600AA25C5 /* clippyCalcClipUITests */ = {
			isa = PBXFileSystemSynchronizedRootGroup;
			path = clippyCalcClipUITests;
			sourceTree = "<group>";
		};
/* End PBXFileSystemSynchronizedRootGroup section */

/* Begin PBXFrameworksBuildPhase section */
		A061EE052D1EAD3500AA25C5 /* Frameworks */ = {
			isa = PBXFrameworksBuildPhase;
			buildActionMask = 2147483647;
			files = (
			);
			runOnlyForDeploymentPostprocessing = 0;
		};
		A061EE152D1EAD3600AA25C5 /* Frameworks */ = {
			isa = PBXFrameworksBuildPhase;
			buildActionMask = 2147483647;
			files = (
			);
			runOnlyForDeploymentPostprocessing = 0;
		};
		A061EE1F2D1EAD3600AA25C5 /* Frameworks */ = {
			isa = PBXFrameworksBuildPhase;
			buildActionMask = 2147483647;
			files = (
			);
			runOnlyForDeploymentPostprocessing = 0;
		};
/* End PBXFrameworksBuildPhase section */

/* Begin PBXGroup section */
		A061EDFF2D1EAD3500AA25C5 = {
			isa = PBXGroup;
			children = (
				A061EE0A2D1EAD3500AA25C5 /* clippyCalcClip */,
				A061EE1B2D1EAD3600AA25C5 /* clippyCalcClipTests */,
				A061EE252D1EAD3600AA25C5 /* clippyCalcClipUITests */,
				A061EE092D1EAD3500AA25C5 /* Products */,
			);
			sourceTree = "<group>";
		};
		A061EE092D1EAD3500AA25C5 /* Products */ = {
			isa = PBXGroup;
			children = (
				A061EE082D1EAD3500AA25C5 /* clippyCalcClip.app */,
				A061EE182D1EAD3600AA25C5 /* clippyCalcClipTests.xctest */,
				A061EE222D1EAD3600AA25C5 /* clippyCalcClipUITests.xctest */,
			);
			name = Products;
			sourceTree = "<group>";
		};
/* End PBXGroup section */

/* Begin PBXNativeTarget section */
		A061EE072D1EAD3500AA25C5 /* clippyCalcClip */ = {
			isa = PBXNativeTarget;
			buildConfigurationList = A061EE2C2D1EAD3600AA25C5 /* Build configuration list for PBXNativeTarget "clippyCalcClip" */;
			buildPhases = (
				A061EE042D1EAD3500AA25C5 /* Sources */,
				A061EE052D1EAD3500AA25C5 /* Frameworks */,
				A061EE062D1EAD3500AA25C5 /* Resources */,
			);
			buildRules = (
			);
			dependencies = (
			);
			fileSystemSynchronizedGroups = (
				A061EE0A2D1EAD3500AA25C5 /* clippyCalcClip */,
			);
			name = clippyCalcClip;
			packageProductDependencies = (
			);
			productName = clippyCalcClip;
			productReference = A061EE082D1EAD3500AA25C5 /* clippyCalcClip.app */;
			productType = "com.apple.product-type.application";
		};
		A061EE172D1EAD3600AA25C5 /* clippyCalcClipTests */ = {
			isa = PBXNativeTarget;
			buildConfigurationList = A061EE2F2D1EAD3600AA25C5 /* Build configuration list for PBXNativeTarget "clippyCalcClipTests" */;
			buildPhases = (
				A061EE142D1EAD3600AA25C5 /* Sources */,
				A061EE152D1EAD3600AA25C5 /* Frameworks */,
				A061EE162D1EAD3600AA25C5 /* Resources */,
			);
			buildRules = (
			);
			dependencies = (
				A061EE1A2D1EAD3600AA25C5 /* PBXTargetDependency */,
			);
			fileSystemSynchronizedGroups = (
				A061EE1B2D1EAD3600AA25C5 /* clippyCalcClipTests */,
			);
			name = clippyCalcClipTests;
			packageProductDependencies = (
			);
			productName = clippyCalcClipTests;
			productReference = A061EE182D1EAD3600AA25C5 /* clippyCalcClipTests.xctest */;
			productType = "com.apple.product-type.bundle.unit-test";
		};
		A061EE212D1EAD3600AA25C5 /* clippyCalcClipUITests */ = {
			isa = PBXNativeTarget;
			buildConfigurationList = A061EE322D1EAD3600AA25C5 /* Build configuration list for PBXNativeTarget "clippyCalcClipUITests" */;
			buildPhases = (
				A061EE1E2D1EAD3600AA25C5 /* Sources */,
				A061EE1F2D1EAD3600AA25C5 /* Frameworks */,
				A061EE202D1EAD3600AA25C5 /* Resources */,
			);
			buildRules = (
			);
			dependencies = (
				A061EE242D1EAD3600AA25C5 /* PBXTargetDependency */,
			);
			fileSystemSynchronizedGroups = (
				A061EE252D1EAD3600AA25C5 /* clippyCalcClipUITests */,
			);
			name = clippyCalcClipUITests;
			packageProductDependencies = (
			);
			productName = clippyCalcClipUITests;
			productReference = A061EE222D1EAD3600AA25C5 /* clippyCalcClipUITests.xctest */;
			productType = "com.apple.product-type.bundle.ui-testing";
		};
/* End PBXNativeTarget section */

/* Begin PBXProject section */
		A061EE002D1EAD3500AA25C5 /* Project object */ = {
			isa = PBXProject;
			attributes = {
				BuildIndependentTargetsInParallel = 1;
				LastSwiftUpdateCheck = 1600;
				LastUpgradeCheck = 1600;
				TargetAttributes = {
					A061EE072D1EAD3500AA25C5 = {
						CreatedOnToolsVersion = 16.0;
					};
					A061EE172D1EAD3600AA25C5 = {
						CreatedOnToolsVersion = 16.0;
						TestTargetID = A061EE072D1EAD3500AA25C5;
					};
					A061EE212D1EAD3600AA25C5 = {
						CreatedOnToolsVersion = 16.0;
						TestTargetID = A061EE072D1EAD3500AA25C5;
					};
				};
			};
			buildConfigurationList = A061EE032D1EAD3500AA25C5 /* Build configuration list for PBXProject "clippyCalcClip" */;
			developmentRegion = en;
			hasScannedForEncodings = 0;
			knownRegions = (
				en,
				Base,
			);
			mainGroup = A061EDFF2D1EAD3500AA25C5;
			minimizedProjectReferenceProxies = 1;
			preferredProjectObjectVersion = 77;
			productRefGroup = A061EE092D1EAD3500AA25C5 /* Products */;
			projectDirPath = "";
			projectRoot = "";
			targets = (
				A061EE072D1EAD3500AA25C5 /* clippyCalcClip */,
				A061EE172D1EAD3600AA25C5 /* clippyCalcClipTests */,
				A061EE212D1EAD3600AA25C5 /* clippyCalcClipUITests */,
			);
		};
/* End PBXProject section */

/* Begin PBXResourcesBuildPhase section */
		A061EE062D1EAD3500AA25C5 /* Resources */ = {
			isa = PBXResourcesBuildPhase;
			buildActionMask = 2147483647;
			files = (
			);
			runOnlyForDeploymentPostprocessing = 0;
		};
		A061EE162D1EAD3600AA25C5 /* Resources */ = {
			isa = PBXResourcesBuildPhase;
			buildActionMask = 2147483647;
			files = (
			);
			runOnlyForDeploymentPostprocessing = 0;
		};
		A061EE202D1EAD3600AA25C5 /* Resources */ = {
			isa = PBXResourcesBuildPhase;
			buildActionMask = 2147483647;
			files = (
			);
			runOnlyForDeploymentPostprocessing = 0;
		};
/* End PBXResourcesBuildPhase section */

/* Begin PBXSourcesBuildPhase section */
		A061EE042D1EAD3500AA25C5 /* Sources */ = {
			isa = PBXSourcesBuildPhase;
			buildActionMask = 2147483647;
			files = (
			);
			runOnlyForDeploymentPostprocessing = 0;
		};
		A061EE142D1EAD3600AA25C5 /* Sources */ = {
			isa = PBXSourcesBuildPhase;
			buildActionMask = 2147483647;
			files = (
			);
			runOnlyForDeploymentPostprocessing = 0;
		};
		A061EE1E2D1EAD3600AA25C5 /* Sources */ = {
			isa = PBXSourcesBuildPhase;
			buildActionMask = 2147483647;
			files = (
			);
			runOnlyForDeploymentPostprocessing = 0;
		};
/* End PBXSourcesBuildPhase section */

/* Begin PBXTargetDependency section */
		A061EE1A2D1EAD3600AA25C5 /* PBXTargetDependency */ = {
			isa = PBXTargetDependency;
			target = A061EE072D1EAD3500AA25C5 /* clippyCalcClip */;
			targetProxy = A061EE192D1EAD3600AA25C5 /* PBXContainerItemProxy */;
		};
		A061EE242D1EAD3600AA25C5 /* PBXTargetDependency */ = {
			isa = PBXTargetDependency;
			target = A061EE072D1EAD3500AA25C5 /* clippyCalcClip */;
			targetProxy = A061EE232D1EAD3600AA25C5 /* PBXContainerItemProxy */;
		};
/* End PBXTargetDependency section */

/* Begin XCBuildConfiguration section */
		A061EE2A2D1EAD3600AA25C5 /* Debug */ = {
			isa = XCBuildConfiguration;
			buildSettings = {
				ALWAYS_SEARCH_USER_PATHS = NO;
				ASSETCATALOG_COMPILER_GENERATE_SWIFT_ASSET_SYMBOL_EXTENSIONS = YES;
				CLANG_ANALYZER_NONNULL = YES;
				CLANG_ANALYZER_NUMBER_OBJECT_CONVERSION = YES_AGGRESSIVE;
				CLANG_CXX_LANGUAGE_STANDARD = "gnu++20";
				CLANG_ENABLE_MODULES = YES;
				CLANG_ENABLE_OBJC_ARC = YES;
				CLANG_ENABLE_OBJC_WEAK = YES;
				CLANG_WARN_BLOCK_CAPTURE_AUTORELEASING = YES;
				CLANG_WARN_BOOL_CONVERSION = YES;
				CLANG_WARN_COMMA = YES;
				CLANG_WARN_CONSTANT_CONVERSION = YES;
				CLANG_WARN_DEPRECATED_OBJC_IMPLEMENTATIONS = YES;
				CLANG_WARN_DIRECT_OBJC_ISA_USAGE = YES_ERROR;
				CLANG_WARN_DOCUMENTATION_COMMENTS = YES;
				CLANG_WARN_EMPTY_BODY = YES;
				CLANG_WARN_ENUM_CONVERSION = YES;
				CLANG_WARN_INFINITE_RECURSION = YES;
				CLANG_WARN_INT_CONVERSION = YES;
				CLANG_WARN_NON_LITERAL_NULL_CONVERSION = YES;
				CLANG_WARN_OBJC_IMPLICIT_RETAIN_SELF = YES;
				CLANG_WARN_OBJC_LITERAL_CONVERSION = YES;
				CLANG_WARN_OBJC_ROOT_CLASS = YES_ERROR;
				CLANG_WARN_QUOTED_INCLUDE_IN_FRAMEWORK_HEADER = YES;
				CLANG_WARN_RANGE_LOOP_ANALYSIS = YES;
				CLANG_WARN_STRICT_PROTOTYPES = YES;
				CLANG_WARN_SUSPICIOUS_MOVE = YES;
				CLANG_WARN_UNGUARDED_AVAILABILITY = YES_AGGRESSIVE;
				CLANG_WARN_UNREACHABLE_CODE = YES;
				CLANG_WARN__DUPLICATE_METHOD_MATCH = YES;
				COPY_PHASE_STRIP = NO;
				DEBUG_INFORMATION_FORMAT = dwarf;
				ENABLE_STRICT_OBJC_MSGSEND = YES;
				ENABLE_TESTABILITY = YES;
				ENABLE_USER_SCRIPT_SANDBOXING = YES;
				GCC_C_LANGUAGE_STANDARD = gnu17;
				GCC_DYNAMIC_NO_PIC = NO;
				GCC_NO_COMMON_BLOCKS = YES;
				GCC_OPTIMIZATION_LEVEL = 0;
				GCC_PREPROCESSOR_DEFINITIONS = (
					"DEBUG=1",
					"$(inherited)",
				);
				GCC_WARN_64_TO_32_BIT_CONVERSION = YES;
				GCC_WARN_ABOUT_RETURN_TYPE = YES_ERROR;
				GCC_WARN_UNDECLARED_SELECTOR = YES;
				GCC_WARN_UNINITIALIZED_AUTOS = YES_AGGRESSIVE;
				GCC_WARN_UNUSED_FUNCTION = YES;
				GCC_WARN_UNUSED_VARIABLE = YES;
				IPHONEOS_DEPLOYMENT_TARGET = 18.0;
				LOCALIZATION_PREFERS_STRING_CATALOGS = YES;
				MTL_ENABLE_DEBUG_INFO = INCLUDE_SOURCE;
				MTL_FAST_MATH = YES;
				ONLY_ACTIVE_ARCH = YES;
				SDKROOT = iphoneos;
				SWIFT_ACTIVE_COMPILATION_CONDITIONS = "DEBUG $(inherited)";
				SWIFT_OPTIMIZATION_LEVEL = "-Onone";
			};
			name = Debug;
		};
		A061EE2B2D1EAD3600AA25C5 /* Release */ = {
			isa = XCBuildConfiguration;
			buildSettings = {
				ALWAYS_SEARCH_USER_PATHS = NO;
				ASSETCATALOG_COMPILER_GENERATE_SWIFT_ASSET_SYMBOL_EXTENSIONS = YES;
				CLANG_ANALYZER_NONNULL = YES;
				CLANG_ANALYZER_NUMBER_OBJECT_CONVERSION = YES_AGGRESSIVE;
				CLANG_CXX_LANGUAGE_STANDARD = "gnu++20";
				CLANG_ENABLE_MODULES = YES;
				CLANG_ENABLE_OBJC_ARC = YES;
				CLANG_ENABLE_OBJC_WEAK = YES;
				CLANG_WARN_BLOCK_CAPTURE_AUTORELEASING = YES;
				CLANG_WARN_BOOL_CONVERSION = YES;
				CLANG_WARN_COMMA = YES;
				CLANG_WARN_CONSTANT_CONVERSION = YES;
				CLANG_WARN_DEPRECATED_OBJC_IMPLEMENTATIONS = YES;
				CLANG_WARN_DIRECT_OBJC_ISA_USAGE = YES_ERROR;
				CLANG_WARN_DOCUMENTATION_COMMENTS = YES;
				CLANG_WARN_EMPTY_BODY = YES;
				CLANG_WARN_ENUM_CONVERSION = YES;
				CLANG_WARN_INFINITE_RECURSION = YES;
				CLANG_WARN_INT_CONVERSION = YES;
				CLANG_WARN_NON_LITERAL_NULL_CONVERSION = YES;
				CLANG_WARN_OBJC_IMPLICIT_RETAIN_SELF = YES;
				CLANG_WARN_OBJC_LITERAL_CONVERSION = YES;
				CLANG_WARN_OBJC_ROOT_CLASS = YES_ERROR;
				CLANG_WARN_QUOTED_INCLUDE_IN_FRAMEWORK_HEADER = YES;
				CLANG_WARN_RANGE_LOOP_ANALYSIS = YES;
				CLANG_WARN_STRICT_PROTOTYPES = YES;
				CLANG_WARN_SUSPICIOUS_MOVE = YES;
				CLANG_WARN_UNGUARDED_AVAILABILITY = YES_AGGRESSIVE;
				CLANG_WARN_UNREACHABLE_CODE = YES;
				CLANG_WARN__DUPLICATE_METHOD_MATCH = YES;
				COPY_PHASE_STRIP = NO;
				DEBUG_INFORMATION_FORMAT = "dwarf-with-dsym";
				ENABLE_NS_ASSERTIONS = NO;
				ENABLE_STRICT_OBJC_MSGSEND = YES;
				ENABLE_USER_SCRIPT_SANDBOXING = YES;
				GCC_C_LANGUAGE_STANDARD = gnu17;
				GCC_NO_COMMON_BLOCKS = YES;
				GCC_WARN_64_TO_32_BIT_CONVERSION = YES;
				GCC_WARN_ABOUT_RETURN_TYPE = YES_ERROR;
				GCC_WARN_UNDECLARED_SELECTOR = YES;
				GCC_WARN_UNINITIALIZED_AUTOS = YES_AGGRESSIVE;
				GCC_WARN_UNUSED_FUNCTION = YES;
				GCC_WARN_UNUSED_VARIABLE = YES;
				IPHONEOS_DEPLOYMENT_TARGET = 18.0;
				LOCALIZATION_PREFERS_STRING_CATALOGS = YES;
				MTL_ENABLE_DEBUG_INFO = NO;
				MTL_FAST_MATH = YES;
				SDKROOT = iphoneos;
				SWIFT_COMPILATION_MODE = wholemodule;
				VALIDATE_PRODUCT = YES;
			};
			name = Release;
		};
		A061EE2D2D1EAD3600AA25C5 /* Debug */ = {
			isa = XCBuildConfiguration;
			buildSettings = {
				ASSETCATALOG_COMPILER_APPICON_NAME = AppIcon;
				ASSETCATALOG_COMPILER_GLOBAL_ACCENT_COLOR_NAME = AccentColor;
				CODE_SIGN_STYLE = Automatic;
				CURRENT_PROJECT_VERSION = 1;
				DEVELOPMENT_ASSET_PATHS = "\"clippyCalcClip/Preview Content\"";
				DEVELOPMENT_TEAM = N8XNN99644;
				ENABLE_PREVIEWS = YES;
				GENERATE_INFOPLIST_FILE = YES;
				INFOPLIST_KEY_UIApplicationSceneManifest_Generation = YES;
				INFOPLIST_KEY_UIApplicationSupportsIndirectInputEvents = YES;
				INFOPLIST_KEY_UILaunchScreen_Generation = YES;
				INFOPLIST_KEY_UISupportedInterfaceOrientations_iPad = "UIInterfaceOrientationPortrait UIInterfaceOrientationPortraitUpsideDown UIInterfaceOrientationLandscapeLeft UIInterfaceOrientationLandscapeRight";
				INFOPLIST_KEY_UISupportedInterfaceOrientations_iPhone = "UIInterfaceOrientationPortrait UIInterfaceOrientationLandscapeLeft UIInterfaceOrientationLandscapeRight";
				LD_RUNPATH_SEARCH_PATHS = (
					"$(inherited)",
					"@executable_path/Frameworks",
				);
				MARKETING_VERSION = 1.0;
				PRODUCT_BUNDLE_IDENTIFIER = com.timmyjose.clippyCalcClip;
				PRODUCT_NAME = "$(TARGET_NAME)";
				SWIFT_EMIT_LOC_STRINGS = YES;
				SWIFT_VERSION = 5.0;
				TARGETED_DEVICE_FAMILY = "1,2";
			};
			name = Debug;
		};
		A061EE2E2D1EAD3600AA25C5 /* Release */ = {
			isa = XCBuildConfiguration;
			buildSettings = {
				ASSETCATALOG_COMPILER_APPICON_NAME = AppIcon;
				ASSETCATALOG_COMPILER_GLOBAL_ACCENT_COLOR_NAME = AccentColor;
				CODE_SIGN_STYLE = Automatic;
				CURRENT_PROJECT_VERSION = 1;
				DEVELOPMENT_ASSET_PATHS = "\"clippyCalcClip/Preview Content\"";
				DEVELOPMENT_TEAM = N8XNN99644;
				ENABLE_PREVIEWS = YES;
				GENERATE_INFOPLIST_FILE = YES;
				INFOPLIST_KEY_UIApplicationSceneManifest_Generation = YES;
				INFOPLIST_KEY_UIApplicationSupportsIndirectInputEvents = YES;
				INFOPLIST_KEY_UILaunchScreen_Generation = YES;
				INFOPLIST_KEY_UISupportedInterfaceOrientations_iPad = "UIInterfaceOrientationPortrait UIInterfaceOrientationPortraitUpsideDown UIInterfaceOrientationLandscapeLeft UIInterfaceOrientationLandscapeRight";
				INFOPLIST_KEY_UISupportedInterfaceOrientations_iPhone = "UIInterfaceOrientationPortrait UIInterfaceOrientationLandscapeLeft UIInterfaceOrientationLandscapeRight";
				LD_RUNPATH_SEARCH_PATHS = (
					"$(inherited)",
					"@executable_path/Frameworks",
				);
				MARKETING_VERSION = 1.0;
				PRODUCT_BUNDLE_IDENTIFIER = com.timmyjose.clippyCalcClip;
				PRODUCT_NAME = "$(TARGET_NAME)";
				SWIFT_EMIT_LOC_STRINGS = YES;
				SWIFT_VERSION = 5.0;
				TARGETED_DEVICE_FAMILY = "1,2";
			};
			name = Release;
		};
		A061EE302D1EAD3600AA25C5 /* Debug */ = {
			isa = XCBuildConfiguration;
			buildSettings = {
				BUNDLE_LOADER = "$(TEST_HOST)";
				CODE_SIGN_STYLE = Automatic;
				CURRENT_PROJECT_VERSION = 1;
				DEVELOPMENT_TEAM = N8XNN99644;
				GENERATE_INFOPLIST_FILE = YES;
				IPHONEOS_DEPLOYMENT_TARGET = 18.0;
				MARKETING_VERSION = 1.0;
				PRODUCT_BUNDLE_IDENTIFIER = com.timmyjose.clippyCalcClipTests;
				PRODUCT_NAME = "$(TARGET_NAME)";
				SWIFT_EMIT_LOC_STRINGS = NO;
				SWIFT_VERSION = 5.0;
				TARGETED_DEVICE_FAMILY = "1,2";
				TEST_HOST = "$(BUILT_PRODUCTS_DIR)/clippyCalcClip.app/$(BUNDLE_EXECUTABLE_FOLDER_PATH)/clippyCalcClip";
			};
			name = Debug;
		};
		A061EE312D1EAD3600AA25C5 /* Release */ = {
			isa = XCBuildConfiguration;
			buildSettings = {
				BUNDLE_LOADER = "$(TEST_HOST)";
				CODE_SIGN_STYLE = Automatic;
				CURRENT_PROJECT_VERSION = 1;
				DEVELOPMENT_TEAM = N8XNN99644;
				GENERATE_INFOPLIST_FILE = YES;
				IPHONEOS_DEPLOYMENT_TARGET = 18.0;
				MARKETING_VERSION = 1.0;
				PRODUCT_BUNDLE_IDENTIFIER = com.timmyjose.clippyCalcClipTests;
				PRODUCT_NAME = "$(TARGET_NAME)";
				SWIFT_EMIT_LOC_STRINGS = NO;
				SWIFT_VERSION = 5.0;
				TARGETED_DEVICE_FAMILY = "1,2";
				TEST_HOST = "$(BUILT_PRODUCTS_DIR)/clippyCalcClip.app/$(BUNDLE_EXECUTABLE_FOLDER_PATH)/clippyCalcClip";
			};
			name = Release;
		};
		A061EE332D1EAD3600AA25C5 /* Debug */ = {
			isa = XCBuildConfiguration;
			buildSettings = {
				CODE_SIGN_STYLE = Automatic;
				CURRENT_PROJECT_VERSION = 1;
				DEVELOPMENT_TEAM = N8XNN99644;
				GENERATE_INFOPLIST_FILE = YES;
				MARKETING_VERSION = 1.0;
				PRODUCT_BUNDLE_IDENTIFIER = com.timmyjose.clippyCalcClipUITests;
				PRODUCT_NAME = "$(TARGET_NAME)";
				SWIFT_EMIT_LOC_STRINGS = NO;
				SWIFT_VERSION = 5.0;
				TARGETED_DEVICE_FAMILY = "1,2";
				TEST_TARGET_NAME = clippyCalcClip;
			};
			name = Debug;
		};
		A061EE342D1EAD3600AA25C5 /* Release */ = {
			isa = XCBuildConfiguration;
			buildSettings = {
				CODE_SIGN_STYLE = Automatic;
				CURRENT_PROJECT_VERSION = 1;
				DEVELOPMENT_TEAM = N8XNN99644;
				GENERATE_INFOPLIST_FILE = YES;
				MARKETING_VERSION = 1.0;
				PRODUCT_BUNDLE_IDENTIFIER = com.timmyjose.clippyCalcClipUITests;
				PRODUCT_NAME = "$(TARGET_NAME)";
				SWIFT_EMIT_LOC_STRINGS = NO;
				SWIFT_VERSION = 5.0;
				TARGETED_DEVICE_FAMILY = "1,2";
				TEST_TARGET_NAME = clippyCalcClip;
			};
			name = Release;
		};
/* End XCBuildConfiguration section */

/* Begin XCConfigurationList section */
		A061EE032D1EAD3500AA25C5 /* Build configuration list for PBXProject "clippyCalcClip" */ = {
			isa = XCConfigurationList;
			buildConfigurations = (
				A061EE2A2D1EAD3600AA25C5 /* Debug */,
				A061EE2B2D1EAD3600AA25C5 /* Release */,
			);
			defaultConfigurationIsVisible = 0;
			defaultConfigurationName = Release;
		};
		A061EE2C2D1EAD3600AA25C5 /* Build configuration list for PBXNativeTarget "clippyCalcClip" */ = {
			isa = XCConfigurationList;
			buildConfigurations = (
				A061EE2D2D1EAD3600AA25C5 /* Debug */,
				A061EE2E2D1EAD3600AA25C5 /* Release */,
			);
			defaultConfigurationIsVisible = 0;
			defaultConfigurationName = Release;
		};
		A061EE2F2D1EAD3600AA25C5 /* Build configuration list for PBXNativeTarget "clippyCalcClipTests" */ = {
			isa = XCConfigurationList;
			buildConfigurations = (
				A061EE302D1EAD3600AA25C5 /* Debug */,
				A061EE312D1EAD3600AA25C5 /* Release */,
			);
			defaultConfigurationIsVisible = 0;
			defaultConfigurationName = Release;
		};
		A061EE322D1EAD3600AA25C5 /* Build configuration list for PBXNativeTarget "clippyCalcClipUITests" */ = {
			isa = XCConfigurationList;
			buildConfigurations = (
				A061EE332D1EAD3600AA25C5 /* Debug */,
				A061EE342D1EAD3600AA25C5 /* Release */,
			);
			defaultConfigurationIsVisible = 0;
			defaultConfigurationName = Release;
		};
/* End XCConfigurationList section */
	};
	rootObject = A061EE002D1EAD3500AA25C5 /* Project object */;
}
